
Microsoft Visual Studio Solution File, Format Version 12.00
# Visual Studio Version 16
VisualStudioVersion = 16.0.32802.440
MinimumVisualStudioVersion = 10.0.40219.1
Project("{8BC9CEB8-8B4A-11D0-8D11-00A0C91BC942}") = "MTH9821_HW11_MC", "MTH9821_HW11_MC\MTH9821_HW11_MC.vcxproj", "{0417781E-140D-49FA-BF57-AD938AFA5C19}"
EndProject
Global
	GlobalSection(SolutionConfigurationPlatforms) = preSolution
		Debug|x64 = Debug|x64
		Debug|x86 = Debug|x86
		Release|x64 = Release|x64
		Release|x86 = Release|x86
	EndGlobalSection
	GlobalSection(ProjectConfigurationPlatforms) = postSolution
		{0417781E-140D-49FA-BF57-AD938AFA5C19}.Debug|x64.ActiveCfg = Debug|x64
		{0417781E-140D-49FA-BF57-AD938AFA5C19}.Debug|x64.Build.0 = Debug|x64
		{0417781E-140D-49FA-BF57-AD938AFA5C19}.Debug|x86.ActiveCfg = Debug|Win32
		{0417781E-140D-49FA-BF57-AD938AFA5C19}.Debug|x86.Build.0 = Debug|Win32
		{0417781E-140D-49FA-BF57-AD938AFA5C19}.Release|x64.ActiveCfg = Release|x64
		{0417781E-140D-49FA-BF57-AD938AFA5C19}.Release|x64.Build.0 = Release|x64
		{0417781E-140D-49FA-BF57-AD938AFA5C19}.Release|x86.ActiveCfg = Release|Win32
		{0417781E-140D-49FA-BF57-AD938AFA5C19}.Release|x86.Build.0 = Release|Win32
	EndGlobalSection
	GlobalSection(SolutionProperties) = preSolution
		HideSolutionNode = FALSE
	EndGlobalSection
	GlobalSection(ExtensibilityGlobals) = postSolution
		SolutionGuid = {C9045900-01FE-4C4C-BAE2-D6DB583FE552}
	EndGlobalSection
EndGlobal
